
Microsoft Visual Studio Solution File, Format Version 12.00
# Visual Studio Version 17
VisualStudioVersion = 17.12.35707.178
MinimumVisualStudioVersion = 10.0.40219.1
Project("{8BC9CEB8-8B4A-11D0-8D11-00A0C91BC942}") = "Holidays_prj", "Holidays_prj\Holidays_prj.vcxproj", "{E39B541E-280C-42CC-A4F2-192C8BFAC723}"
EndProject
Project("{2150E333-8FDC-42A3-9474-1A3956D46DE8}") = "솔루션 항목", "솔루션 항목", "{20AE85A9-6F3F-4230-81C4-05E48BD04115}"
	ProjectSection(SolutionItems) = preProject
		README.md = README.md
	EndProjectSection
EndProject
Global
	GlobalSection(SolutionConfigurationPlatforms) = preSolution
		Debug|x64 = Debug|x64
		Debug|x86 = Debug|x86
		Release|x64 = Release|x64
		Release|x86 = Release|x86
	EndGlobalSection
	GlobalSection(ProjectConfigurationPlatforms) = postSolution
		{E39B541E-280C-42CC-A4F2-192C8BFAC723}.Debug|x64.ActiveCfg = Debug|x64
		{E39B541E-280C-42CC-A4F2-192C8BFAC723}.Debug|x64.Build.0 = Debug|x64
		{E39B541E-280C-42CC-A4F2-192C8BFAC723}.Debug|x86.ActiveCfg = Debug|Win32
		{E39B541E-280C-42CC-A4F2-192C8BFAC723}.Debug|x86.Build.0 = Debug|Win32
		{E39B541E-280C-42CC-A4F2-192C8BFAC723}.Release|x64.ActiveCfg = Release|x64
		{E39B541E-280C-42CC-A4F2-192C8BFAC723}.Release|x64.Build.0 = Release|x64
		{E39B541E-280C-42CC-A4F2-192C8BFAC723}.Release|x86.ActiveCfg = Release|Win32
		{E39B541E-280C-42CC-A4F2-192C8BFAC723}.Release|x86.Build.0 = Release|Win32
	EndGlobalSection
	GlobalSection(SolutionProperties) = preSolution
		HideSolutionNode = FALSE
	EndGlobalSection
EndGlobal
