<?xml version="1.0" encoding="utf-8"?>
<Project ToolsVersion="4.0" xmlns="http://schemas.microsoft.com/developer/msbuild/2003">
  <ItemGroup>
    <Filter Include="소스 파일">
      <UniqueIdentifier>{4FC737F1-C7A5-4376-A066-2A32D752A2FF}</UniqueIdentifier>
      <Extensions>cpp;c;cc;cxx;c++;cppm;ixx;def;odl;idl;hpj;bat;asm;asmx</Extensions>
    </Filter>
    <Filter Include="헤더 파일">
      <UniqueIdentifier>{93995380-89BD-4b04-88EB-625FBE52EBFB}</UniqueIdentifier>
      <Extensions>h;hh;hpp;hxx;h++;hm;inl;inc;ipp;xsd</Extensions>
    </Filter>
    <Filter Include="리소스 파일">
      <UniqueIdentifier>{67DA6AB6-F800-4c08-8B7A-83BB121AAD01}</UniqueIdentifier>
      <Extensions>rc;ico;cur;bmp;dlg;rc2;rct;bin;rgs;gif;jpg;jpeg;jpe;resx;tiff;tif;png;wav;mfcribbon-ms</Extensions>
    </Filter>
  </ItemGroup>
  <ItemGroup>
    <ClInclude Include="framework.h">
      <Filter>헤더 파일</Filter>
    </ClInclude>
    <ClInclude Include="targetver.h">
      <Filter>헤더 파일</Filter>
    </ClInclude>
    <ClInclude Include="Resource.h">
      <Filter>헤더 파일</Filter>
    </ClInclude>
    <ClInclude Include="Holidays_prj.h">
      <Filter>헤더 파일</Filter>
    </ClInclude>
    <ClInclude Include="Actors\AActor.h">
      <Filter>헤더 파일</Filter>
    </ClInclude>
    <ClInclude Include="Managers\GameManager.h">
      <Filter>헤더 파일</Filter>
    </ClInclude>
    <ClInclude Include="Common.h">
      <Filter>헤더 파일</Filter>
    </ClInclude>
    <ClInclude Include="Managers\TSingleton.h">
      <Filter>헤더 파일</Filter>
    </ClInclude>
    <ClInclude Include="Enums.h">
      <Filter>헤더 파일</Filter>
    </ClInclude>
    <ClInclude Include="Managers\Factory.h">
      <Filter>헤더 파일</Filter>
    </ClInclude>
    <ClInclude Include="Managers\InputManager.h">
      <Filter>헤더 파일</Filter>
    </ClInclude>
    <ClInclude Include="Managers\ResourceManager.h">
      <Filter>헤더 파일</Filter>
    </ClInclude>
    <ClInclude Include="Components\Collider.h">
      <Filter>헤더 파일</Filter>
    </ClInclude>
    <ClInclude Include="Components\Component.h">
      <Filter>헤더 파일</Filter>
    </ClInclude>
    <ClInclude Include="Actors\APlayer.h">
      <Filter>헤더 파일</Filter>
    </ClInclude>
    <ClInclude Include="Components\CircleCollider.h">
      <Filter>헤더 파일</Filter>
    </ClInclude>
    <ClInclude Include="Components\RectangleCollider.h">
      <Filter>헤더 파일</Filter>
    </ClInclude>
    <ClInclude Include="Components\Physics.h">
      <Filter>헤더 파일</Filter>
    </ClInclude>
    <ClInclude Include="Actors\APawn.h">
      <Filter>헤더 파일</Filter>
    </ClInclude>
    <ClInclude Include="Actors\AEnemy.h">
      <Filter>헤더 파일</Filter>
    </ClInclude>
    <ClInclude Include="Utilities.h">
      <Filter>헤더 파일</Filter>
    </ClInclude>
    <ClInclude Include="Scenes\Scene.h">
      <Filter>헤더 파일</Filter>
    </ClInclude>
    <ClInclude Include="Scenes\TestScene.h">
      <Filter>헤더 파일</Filter>
    </ClInclude>
    <ClInclude Include="Actors\ATerrain.h">
      <Filter>헤더 파일</Filter>
    </ClInclude>
    <ClInclude Include="Actors\ABackground.h">
      <Filter>헤더 파일</Filter>
    </ClInclude>
    <ClInclude Include="Managers\CollisionManager.h">
      <Filter>헤더 파일</Filter>
    </ClInclude>
    <ClInclude Include="Components\Animator.h">
      <Filter>헤더 파일</Filter>
    </ClInclude>
    <ClInclude Include="Components\PlayerAnimator.h">
      <Filter>헤더 파일</Filter>
    </ClInclude>
    <ClInclude Include="Components\FAnimation.h">
      <Filter>헤더 파일</Filter>
    </ClInclude>
    <ClInclude Include="Actors\ABullet.h">
      <Filter>헤더 파일</Filter>
    </ClInclude>
    <ClInclude Include="Actors\APlayerBullet.h">
      <Filter>헤더 파일</Filter>
    </ClInclude>
    <ClInclude Include="Actors\AEnemyBullet.h">
      <Filter>헤더 파일</Filter>
    </ClInclude>
    <ClInclude Include="Managers\SceneManager.h">
      <Filter>헤더 파일</Filter>
    </ClInclude>
  </ItemGroup>
  <ItemGroup>
    <ClCompile Include="Holidays_prj.cpp">
      <Filter>소스 파일</Filter>
    </ClCompile>
    <ClCompile Include="Actors\AActor.cpp">
      <Filter>소스 파일</Filter>
    </ClCompile>
    <ClCompile Include="Managers\GameManager.cpp">
      <Filter>소스 파일</Filter>
    </ClCompile>
    <ClCompile Include="Managers\InputManager.cpp">
      <Filter>소스 파일</Filter>
    </ClCompile>
    <ClCompile Include="Managers\ResourceManager.cpp">
      <Filter>소스 파일</Filter>
    </ClCompile>
    <ClCompile Include="Actors\APlayer.cpp">
      <Filter>소스 파일</Filter>
    </ClCompile>
    <ClCompile Include="Components\CircleCollider.cpp">
      <Filter>소스 파일</Filter>
    </ClCompile>
    <ClCompile Include="Components\RectangleCollider.cpp">
      <Filter>소스 파일</Filter>
    </ClCompile>
    <ClCompile Include="Components\Physics.cpp">
      <Filter>소스 파일</Filter>
    </ClCompile>
    <ClCompile Include="Actors\APawn.cpp">
      <Filter>소스 파일</Filter>
    </ClCompile>
    <ClCompile Include="Actors\AEnemy.cpp">
      <Filter>소스 파일</Filter>
    </ClCompile>
    <ClCompile Include="Utilities.cpp">
      <Filter>소스 파일</Filter>
    </ClCompile>
    <ClCompile Include="Scenes\Scene.cpp">
      <Filter>소스 파일</Filter>
    </ClCompile>
    <ClCompile Include="Scenes\TestScene.cpp">
      <Filter>소스 파일</Filter>
    </ClCompile>
    <ClCompile Include="Actors\ATerrain.cpp">
      <Filter>소스 파일</Filter>
    </ClCompile>
    <ClCompile Include="Actors\ABackground.cpp">
      <Filter>소스 파일</Filter>
    </ClCompile>
    <ClCompile Include="Managers\CollisionManager.cpp">
      <Filter>소스 파일</Filter>
    </ClCompile>
    <ClCompile Include="Components\Animator.cpp">
      <Filter>소스 파일</Filter>
    </ClCompile>
    <ClCompile Include="Components\PlayerAnimator.cpp">
      <Filter>소스 파일</Filter>
    </ClCompile>
    <ClCompile Include="Actors\ABullet.cpp">
      <Filter>소스 파일</Filter>
    </ClCompile>
    <ClCompile Include="Actors\APlayerBullet.cpp">
      <Filter>소스 파일</Filter>
    </ClCompile>
    <ClCompile Include="Actors\AEnemyBullet.cpp">
      <Filter>소스 파일</Filter>
    </ClCompile>
    <ClCompile Include="Managers\SceneManager.cpp">
      <Filter>소스 파일</Filter>
    </ClCompile>
  </ItemGroup>
  <ItemGroup>
    <ResourceCompile Include="Holidays_prj.rc">
      <Filter>리소스 파일</Filter>
    </ResourceCompile>
  </ItemGroup>
  <ItemGroup>
    <Image Include="small.ico">
      <Filter>리소스 파일</Filter>
    </Image>
    <Image Include="Holidays_prj.ico">
      <Filter>리소스 파일</Filter>
    </Image>
    <Image Include="Images\Player\_Attack1Default.png">
      <Filter>리소스 파일</Filter>
    </Image>
    <Image Include="Images\Player\_Attack2Default.png">
      <Filter>리소스 파일</Filter>
    </Image>
    <Image Include="Images\Player\_Attack2.png">
      <Filter>리소스 파일</Filter>
    </Image>
    <Image Include="Images\Player\_AttackCombo2hitDefault.png">
      <Filter>리소스 파일</Filter>
    </Image>
    <Image Include="Images\Player\_AttackCombo.png">
      <Filter>리소스 파일</Filter>
    </Image>
    <Image Include="Images\Player\_Attack1.png">
      <Filter>리소스 파일</Filter>
    </Image>
    <Image Include="Images\Player\_Crouch.png">
      <Filter>리소스 파일</Filter>
    </Image>
    <Image Include="Images\Player\_CrouchAttack.png">
      <Filter>리소스 파일</Filter>
    </Image>
    <Image Include="Images\Player\_CrouchFull.png">
      <Filter>리소스 파일</Filter>
    </Image>
    <Image Include="Images\Player\_CrouchTransition.png">
      <Filter>리소스 파일</Filter>
    </Image>
    <Image Include="Images\Player\_CrouchWalk.png">
      <Filter>리소스 파일</Filter>
    </Image>
    <Image Include="Images\Player\_Dash.png">
      <Filter>리소스 파일</Filter>
    </Image>
    <Image Include="Images\Player\_Death.png">
      <Filter>리소스 파일</Filter>
    </Image>
    <Image Include="Images\Player\_DeathNoMovement.png">
      <Filter>리소스 파일</Filter>
    </Image>
    <Image Include="Images\Player\_Fall.png">
      <Filter>리소스 파일</Filter>
    </Image>
    <Image Include="Images\Player\_Hit.png">
      <Filter>리소스 파일</Filter>
    </Image>
    <Image Include="Images\Player\_Idle.png">
      <Filter>리소스 파일</Filter>
    </Image>
    <Image Include="Images\Player\_Jump.png">
      <Filter>리소스 파일</Filter>
    </Image>
    <Image Include="Images\Player\_JumpFallInbetween.png">
      <Filter>리소스 파일</Filter>
    </Image>
    <Image Include="Images\Player\_Roll.png">
      <Filter>리소스 파일</Filter>
    </Image>
    <Image Include="Images\Player\_Run.png">
      <Filter>리소스 파일</Filter>
    </Image>
    <Image Include="Images\Player\_Slide.png">
      <Filter>리소스 파일</Filter>
    </Image>
    <Image Include="Images\Player\_SlideFull.png">
      <Filter>리소스 파일</Filter>
    </Image>
    <Image Include="Images\Player\_SlideTransitionEnd.png">
      <Filter>리소스 파일</Filter>
    </Image>
    <Image Include="Images\Player\_SlideTransitionStart.png">
      <Filter>리소스 파일</Filter>
    </Image>
    <Image Include="Images\Player\_TurnAround.png">
      <Filter>리소스 파일</Filter>
    </Image>
    <Image Include="Images\Player\_WallClimb.png">
      <Filter>리소스 파일</Filter>
    </Image>
    <Image Include="Images\Player\_WallClimbNoMovement.png">
      <Filter>리소스 파일</Filter>
    </Image>
    <Image Include="Images\Player\_WallHang.png">
      <Filter>리소스 파일</Filter>
    </Image>
    <Image Include="Images\Player\_WallSlide.png">
      <Filter>리소스 파일</Filter>
    </Image>
    <Image Include="Images\Tile\BG1.png">
      <Filter>리소스 파일</Filter>
    </Image>
    <Image Include="Images\Tile\BG2.png">
      <Filter>리소스 파일</Filter>
    </Image>
    <Image Include="Images\Tile\BG3.png">
      <Filter>리소스 파일</Filter>
    </Image>
    <Image Include="Images\Tile\Decors.png">
      <Filter>리소스 파일</Filter>
    </Image>
    <Image Include="Images\Tile\ExampleTiles.png">
      <Filter>리소스 파일</Filter>
    </Image>
    <Image Include="Images\Tile\Mockup2x.png">
      <Filter>리소스 파일</Filter>
    </Image>
    <Image Include="Images\Tile\Tileset.png">
      <Filter>리소스 파일</Filter>
    </Image>
    <Image Include="Images\Player\_Shoot.png">
      <Filter>리소스 파일</Filter>
    </Image>
    <Image Include="Images\Effect\RedEffect.png">
      <Filter>리소스 파일</Filter>
    </Image>
    <Image Include="Images\Effect\GreenEffect.png">
      <Filter>리소스 파일</Filter>
    </Image>
    <Image Include="Images\Effect\PurpleEffect.png">
      <Filter>리소스 파일</Filter>
    </Image>
    <Image Include="Images\Effect\BlueEffect.png">
      <Filter>리소스 파일</Filter>
    </Image>
  </ItemGroup>
</Project>